
Microsoft Visual Studio Solution File, Format Version 12.00
# Visual Studio 15
VisualStudioVersion = 15.0.27703.2042
MinimumVisualStudioVersion = 10.0.40219.1
Project("{FAE04EC0-301F-11D3-BF4B-00C04F79EFBC}") = "WindowsFormsApp6", "WindowsFormsApp6\WindowsFormsApp6.csproj", "{EF2A1BD1-3E62-42C7-89C1-497E42DE4533}"
EndProject
Global
	GlobalSection(SolutionConfigurationPlatforms) = preSolution
		Debug|Any CPU = Debug|Any CPU
		Release|Any CPU = Release|Any CPU
	EndGlobalSection
	GlobalSection(ProjectConfigurationPlatforms) = postSolution
		{EF2A1BD1-3E62-42C7-89C1-497E42DE4533}.Debug|Any CPU.ActiveCfg = Debug|Any CPU
		{EF2A1BD1-3E62-42C7-89C1-497E42DE4533}.Debug|Any CPU.Build.0 = Debug|Any CPU
		{EF2A1BD1-3E62-42C7-89C1-497E42DE4533}.Release|Any CPU.ActiveCfg = Release|Any CPU
		{EF2A1BD1-3E62-42C7-89C1-497E42DE4533}.Release|Any CPU.Build.0 = Release|Any CPU
	EndGlobalSection
	GlobalSection(SolutionProperties) = preSolution
		HideSolutionNode = FALSE
	EndGlobalSection
	GlobalSection(ExtensibilityGlobals) = postSolution
		SolutionGuid = {4F48D334-544B-45A1-A3EE-667DAEBA3F1A}
	EndGlobalSection
EndGlobal
